// !$*UTF8*$!
{
	archiveVersion = 1;
	classes = {
	};
	objectVersion = 50;
	objects = {

/* Begin PBXBuildFile section */
		EDCD53E92601191400236C28 /* TODOListFirstAppApp.swift in Sources */ = {isa = PBXBuildFile; fileRef = EDCD53E82601191400236C28 /* TODOListFirstAppApp.swift */; };
		EDCD53ED2601191900236C28 /* Assets.xcassets in Resources */ = {isa = PBXBuildFile; fileRef = EDCD53EC2601191900236C28 /* Assets.xcassets */; };
		EDCD53F02601191900236C28 /* Preview Assets.xcassets in Resources */ = {isa = PBXBuildFile; fileRef = EDCD53EF2601191900236C28 /* Preview Assets.xcassets */; };
		EDCD53FB2601191900236C28 /* TODOListFirstAppTests.swift in Sources */ = {isa = PBXBuildFile; fileRef = EDCD53FA2601191900236C28 /* TODOListFirstAppTests.swift */; };
		EDCD54062601191900236C28 /* TODOListFirstAppUITests.swift in Sources */ = {isa = PBXBuildFile; fileRef = EDCD54052601191900236C28 /* TODOListFirstAppUITests.swift */; };
		EDCD541A26014F6900236C28 /* ListView.swift in Sources */ = {isa = PBXBuildFile; fileRef = EDCD541926014F6900236C28 /* ListView.swift */; };
		EDCD54232601527000236C28 /* Task.swift in Sources */ = {isa = PBXBuildFile; fileRef = EDCD54222601527000236C28 /* Task.swift */; };
		EDCD54302601564400236C28 /* TaskCell.swift in Sources */ = {isa = PBXBuildFile; fileRef = EDCD542F2601564400236C28 /* TaskCell.swift */; };
/* End PBXBuildFile section */

/* Begin PBXContainerItemProxy section */
		EDCD53F72601191900236C28 /* PBXContainerItemProxy */ = {
			isa = PBXContainerItemProxy;
			containerPortal = EDCD53DD2601191300236C28 /* Project object */;
			proxyType = 1;
			remoteGlobalIDString = EDCD53E42601191400236C28;
			remoteInfo = TODOListFirstApp;
		};
		EDCD54022601191900236C28 /* PBXContainerItemProxy */ = {
			isa = PBXContainerItemProxy;
			containerPortal = EDCD53DD2601191300236C28 /* Project object */;
			proxyType = 1;
			remoteGlobalIDString = EDCD53E42601191400236C28;
			remoteInfo = TODOListFirstApp;
		};
/* End PBXContainerItemProxy section */

/* Begin PBXFileReference section */
		EDCD53E52601191400236C28 /* TODOListFirstApp.app */ = {isa = PBXFileReference; explicitFileType = wrapper.application; includeInIndex = 0; path = TODOListFirstApp.app; sourceTree = BUILT_PRODUCTS_DIR; };
		EDCD53E82601191400236C28 /* TODOListFirstAppApp.swift */ = {isa = PBXFileReference; lastKnownFileType = sourcecode.swift; path = TODOListFirstAppApp.swift; sourceTree = "<group>"; };
		EDCD53EC2601191900236C28 /* Assets.xcassets */ = {isa = PBXFileReference; lastKnownFileType = folder.assetcatalog; path = Assets.xcassets; sourceTree = "<group>"; };
		EDCD53EF2601191900236C28 /* Preview Assets.xcassets */ = {isa = PBXFileReference; lastKnownFileType = folder.assetcatalog; path = "Preview Assets.xcassets"; sourceTree = "<group>"; };
		EDCD53F12601191900236C28 /* Info.plist */ = {isa = PBXFileReference; lastKnownFileType = text.plist.xml; path = Info.plist; sourceTree = "<group>"; };
		EDCD53F62601191900236C28 /* TODOListFirstAppTests.xctest */ = {isa = PBXFileReference; explicitFileType = wrapper.cfbundle; includeInIndex = 0; path = TODOListFirstAppTests.xctest; sourceTree = BUILT_PRODUCTS_DIR; };
		EDCD53FA2601191900236C28 /* TODOListFirstAppTests.swift */ = {isa = PBXFileReference; lastKnownFileType = sourcecode.swift; path = TODOListFirstAppTests.swift; sourceTree = "<group>"; };
		EDCD53FC2601191900236C28 /* Info.plist */ = {isa = PBXFileReference; lastKnownFileType = text.plist.xml; path = Info.plist; sourceTree = "<group>"; };
		EDCD54012601191900236C28 /* TODOListFirstAppUITests.xctest */ = {isa = PBXFileReference; explicitFileType = wrapper.cfbundle; includeInIndex = 0; path = TODOListFirstAppUITests.xctest; sourceTree = BUILT_PRODUCTS_DIR; };
		EDCD54052601191900236C28 /* TODOListFirstAppUITests.swift */ = {isa = PBXFileReference; lastKnownFileType = sourcecode.swift; path = TODOListFirstAppUITests.swift; sourceTree = "<group>"; };
		EDCD54072601191900236C28 /* Info.plist */ = {isa = PBXFileReference; lastKnownFileType = text.plist.xml; path = Info.plist; sourceTree = "<group>"; };
		EDCD541926014F6900236C28 /* ListView.swift */ = {isa = PBXFileReference; fileEncoding = 4; lastKnownFileType = sourcecode.swift; path = ListView.swift; sourceTree = "<group>"; };
		EDCD54222601527000236C28 /* Task.swift */ = {isa = PBXFileReference; lastKnownFileType = sourcecode.swift; path = Task.swift; sourceTree = "<group>"; };
		EDCD542F2601564400236C28 /* TaskCell.swift */ = {isa = PBXFileReference; lastKnownFileType = sourcecode.swift; path = TaskCell.swift; sourceTree = "<group>"; };
/* End PBXFileReference section */

/* Begin PBXFrameworksBuildPhase section */
		EDCD53E22601191400236C28 /* Frameworks */ = {
			isa = PBXFrameworksBuildPhase;
			buildActionMask = 2147483647;
			files = (
			);
			runOnlyForDeploymentPostprocessing = 0;
		};
		EDCD53F32601191900236C28 /* Frameworks */ = {
			isa = PBXFrameworksBuildPhase;
			buildActionMask = 2147483647;
			files = (
			);
			runOnlyForDeploymentPostprocessing = 0;
		};
		EDCD53FE2601191900236C28 /* Frameworks */ = {
			isa = PBXFrameworksBuildPhase;
			buildActionMask = 2147483647;
			files = (
			);
			runOnlyForDeploymentPostprocessing = 0;
		};
/* End PBXFrameworksBuildPhase section */

/* Begin PBXGroup section */
		EDCD53DC2601191300236C28 = {
			isa = PBXGroup;
			children = (
				EDCD53E72601191400236C28 /* TODOListFirstApp */,
				EDCD53F92601191900236C28 /* TODOListFirstAppTests */,
				EDCD54042601191900236C28 /* TODOListFirstAppUITests */,
				EDCD53E62601191400236C28 /* Products */,
			);
			sourceTree = "<group>";
		};
		EDCD53E62601191400236C28 /* Products */ = {
			isa = PBXGroup;
			children = (
				EDCD53E52601191400236C28 /* TODOListFirstApp.app */,
				EDCD53F62601191900236C28 /* TODOListFirstAppTests.xctest */,
				EDCD54012601191900236C28 /* TODOListFirstAppUITests.xctest */,
			);
			name = Products;
			sourceTree = "<group>";
		};
		EDCD53E72601191400236C28 /* TODOListFirstApp */ = {
			isa = PBXGroup;
			children = (
				EDCD54212601524F00236C28 /* View */,
				EDCD541E2601523800236C28 /* Model */,
				EDCD53E82601191400236C28 /* TODOListFirstAppApp.swift */,
				EDCD53EC2601191900236C28 /* Assets.xcassets */,
				EDCD53F12601191900236C28 /* Info.plist */,
				EDCD53EE2601191900236C28 /* Preview Content */,
			);
			path = TODOListFirstApp;
			sourceTree = "<group>";
		};
		EDCD53EE2601191900236C28 /* Preview Content */ = {
			isa = PBXGroup;
			children = (
				EDCD53EF2601191900236C28 /* Preview Assets.xcassets */,
			);
			path = "Preview Content";
			sourceTree = "<group>";
		};
		EDCD53F92601191900236C28 /* TODOListFirstAppTests */ = {
			isa = PBXGroup;
			children = (
				EDCD53FA2601191900236C28 /* TODOListFirstAppTests.swift */,
				EDCD53FC2601191900236C28 /* Info.plist */,
			);
			path = TODOListFirstAppTests;
			sourceTree = "<group>";
		};
		EDCD54042601191900236C28 /* TODOListFirstAppUITests */ = {
			isa = PBXGroup;
			children = (
				EDCD54052601191900236C28 /* TODOListFirstAppUITests.swift */,
				EDCD54072601191900236C28 /* Info.plist */,
			);
			path = TODOListFirstAppUITests;
			sourceTree = "<group>";
		};
		EDCD541E2601523800236C28 /* Model */ = {
			isa = PBXGroup;
			children = (
				EDCD54222601527000236C28 /* Task.swift */,
			);
			path = Model;
			sourceTree = "<group>";
		};
		EDCD54212601524F00236C28 /* View */ = {
			isa = PBXGroup;
			children = (
				EDCD541926014F6900236C28 /* ListView.swift */,
				EDCD542F2601564400236C28 /* TaskCell.swift */,
			);
			path = View;
			sourceTree = "<group>";
		};
/* End PBXGroup section */

/* Begin PBXNativeTarget section */
		EDCD53E42601191400236C28 /* TODOListFirstApp */ = {
			isa = PBXNativeTarget;
			buildConfigurationList = EDCD540A2601191900236C28 /* Build configuration list for PBXNativeTarget "TODOListFirstApp" */;
			buildPhases = (
				EDCD53E12601191400236C28 /* Sources */,
				EDCD53E22601191400236C28 /* Frameworks */,
				EDCD53E32601191400236C28 /* Resources */,
			);
			buildRules = (
			);
			dependencies = (
			);
			name = TODOListFirstApp;
			productName = TODOListFirstApp;
			productReference = EDCD53E52601191400236C28 /* TODOListFirstApp.app */;
			productType = "com.apple.product-type.application";
		};
		EDCD53F52601191900236C28 /* TODOListFirstAppTests */ = {
			isa = PBXNativeTarget;
			buildConfigurationList = EDCD540D2601191900236C28 /* Build configuration list for PBXNativeTarget "TODOListFirstAppTests" */;
			buildPhases = (
				EDCD53F22601191900236C28 /* Sources */,
				EDCD53F32601191900236C28 /* Frameworks */,
				EDCD53F42601191900236C28 /* Resources */,
			);
			buildRules = (
			);
			dependencies = (
				EDCD53F82601191900236C28 /* PBXTargetDependency */,
			);
			name = TODOListFirstAppTests;
			productName = TODOListFirstAppTests;
			productReference = EDCD53F62601191900236C28 /* TODOListFirstAppTests.xctest */;
			productType = "com.apple.product-type.bundle.unit-test";
		};
		EDCD54002601191900236C28 /* TODOListFirstAppUITests */ = {
			isa = PBXNativeTarget;
			buildConfigurationList = EDCD54102601191900236C28 /* Build configuration list for PBXNativeTarget "TODOListFirstAppUITests" */;
			buildPhases = (
				EDCD53FD2601191900236C28 /* Sources */,
				EDCD53FE2601191900236C28 /* Frameworks */,
				EDCD53FF2601191900236C28 /* Resources */,
			);
			buildRules = (
			);
			dependencies = (
				EDCD54032601191900236C28 /* PBXTargetDependency */,
			);
			name = TODOListFirstAppUITests;
			productName = TODOListFirstAppUITests;
			productReference = EDCD54012601191900236C28 /* TODOListFirstAppUITests.xctest */;
			productType = "com.apple.product-type.bundle.ui-testing";
		};
/* End PBXNativeTarget section */

/* Begin PBXProject section */
		EDCD53DD2601191300236C28 /* Project object */ = {
			isa = PBXProject;
			attributes = {
				LastSwiftUpdateCheck = 1240;
				LastUpgradeCheck = 1240;
				TargetAttributes = {
					EDCD53E42601191400236C28 = {
						CreatedOnToolsVersion = 12.4;
					};
					EDCD53F52601191900236C28 = {
						CreatedOnToolsVersion = 12.4;
						TestTargetID = EDCD53E42601191400236C28;
					};
					EDCD54002601191900236C28 = {
						CreatedOnToolsVersion = 12.4;
						TestTargetID = EDCD53E42601191400236C28;
					};
				};
			};
			buildConfigurationList = EDCD53E02601191300236C28 /* Build configuration list for PBXProject "TODOListFirstApp" */;
			compatibilityVersion = "Xcode 9.3";
			developmentRegion = en;
			hasScannedForEncodings = 0;
			knownRegions = (
				en,
				Base,
			);
			mainGroup = EDCD53DC2601191300236C28;
			productRefGroup = EDCD53E62601191400236C28 /* Products */;
			projectDirPath = "";
			projectRoot = "";
			targets = (
				EDCD53E42601191400236C28 /* TODOListFirstApp */,
				EDCD53F52601191900236C28 /* TODOListFirstAppTests */,
				EDCD54002601191900236C28 /* TODOListFirstAppUITests */,
			);
		};
/* End PBXProject section */

/* Begin PBXResourcesBuildPhase section */
		EDCD53E32601191400236C28 /* Resources */ = {
			isa = PBXResourcesBuildPhase;
			buildActionMask = 2147483647;
			files = (
				EDCD53F02601191900236C28 /* Preview Assets.xcassets in Resources */,
				EDCD53ED2601191900236C28 /* Assets.xcassets in Resources */,
			);
			runOnlyForDeploymentPostprocessing = 0;
		};
		EDCD53F42601191900236C28 /* Resources */ = {
			isa = PBXResourcesBuildPhase;
			buildActionMask = 2147483647;
			files = (
			);
			runOnlyForDeploymentPostprocessing = 0;
		};
		EDCD53FF2601191900236C28 /* Resources */ = {
			isa = PBXResourcesBuildPhase;
			buildActionMask = 2147483647;
			files = (
			);
			runOnlyForDeploymentPostprocessing = 0;
		};
/* End PBXResourcesBuildPhase section */

/* Begin PBXSourcesBuildPhase section */
		EDCD53E12601191400236C28 /* Sources */ = {
			isa = PBXSourcesBuildPhase;
			buildActionMask = 2147483647;
			files = (
				EDCD54302601564400236C28 /* TaskCell.swift in Sources */,
				EDCD541A26014F6900236C28 /* ListView.swift in Sources */,
				EDCD54232601527000236C28 /* Task.swift in Sources */,
				EDCD53E92601191400236C28 /* TODOListFirstAppApp.swift in Sources */,
			);
			runOnlyForDeploymentPostprocessing = 0;
		};
		EDCD53F22601191900236C28 /* Sources */ = {
			isa = PBXSourcesBuildPhase;
			buildActionMask = 2147483647;
			files = (
				EDCD53FB2601191900236C28 /* TODOListFirstAppTests.swift in Sources */,
			);
			runOnlyForDeploymentPostprocessing = 0;
		};
		EDCD53FD2601191900236C28 /* Sources */ = {
			isa = PBXSourcesBuildPhase;
			buildActionMask = 2147483647;
			files = (
				EDCD54062601191900236C28 /* TODOListFirstAppUITests.swift in Sources */,
			);
			runOnlyForDeploymentPostprocessing = 0;
		};
/* End PBXSourcesBuildPhase section */

/* Begin PBXTargetDependency section */
		EDCD53F82601191900236C28 /* PBXTargetDependency */ = {
			isa = PBXTargetDependency;
			target = EDCD53E42601191400236C28 /* TODOListFirstApp */;
			targetProxy = EDCD53F72601191900236C28 /* PBXContainerItemProxy */;
		};
		EDCD54032601191900236C28 /* PBXTargetDependency */ = {
			isa = PBXTargetDependency;
			target = EDCD53E42601191400236C28 /* TODOListFirstApp */;
			targetProxy = EDCD54022601191900236C28 /* PBXContainerItemProxy */;
		};
/* End PBXTargetDependency section */

/* Begin XCBuildConfiguration section */
		EDCD54082601191900236C28 /* Debug */ = {
			isa = XCBuildConfiguration;
			buildSettings = {
				ALWAYS_SEARCH_USER_PATHS = NO;
				CLANG_ANALYZER_NONNULL = YES;
				CLANG_ANALYZER_NUMBER_OBJECT_CONVERSION = YES_AGGRESSIVE;
				CLANG_CXX_LANGUAGE_STANDARD = "gnu++14";
				CLANG_CXX_LIBRARY = "libc++";
				CLANG_ENABLE_MODULES = YES;
				CLANG_ENABLE_OBJC_ARC = YES;
				CLANG_ENABLE_OBJC_WEAK = YES;
				CLANG_WARN_BLOCK_CAPTURE_AUTORELEASING = YES;
				CLANG_WARN_BOOL_CONVERSION = YES;
				CLANG_WARN_COMMA = YES;
				CLANG_WARN_CONSTANT_CONVERSION = YES;
				CLANG_WARN_DEPRECATED_OBJC_IMPLEMENTATIONS = YES;
				CLANG_WARN_DIRECT_OBJC_ISA_USAGE = YES_ERROR;
				CLANG_WARN_DOCUMENTATION_COMMENTS = YES;
				CLANG_WARN_EMPTY_BODY = YES;
				CLANG_WARN_ENUM_CONVERSION = YES;
				CLANG_WARN_INFINITE_RECURSION = YES;
				CLANG_WARN_INT_CONVERSION = YES;
				CLANG_WARN_NON_LITERAL_NULL_CONVERSION = YES;
				CLANG_WARN_OBJC_IMPLICIT_RETAIN_SELF = YES;
				CLANG_WARN_OBJC_LITERAL_CONVERSION = YES;
				CLANG_WARN_OBJC_ROOT_CLASS = YES_ERROR;
				CLANG_WARN_QUOTED_INCLUDE_IN_FRAMEWORK_HEADER = YES;
				CLANG_WARN_RANGE_LOOP_ANALYSIS = YES;
				CLANG_WARN_STRICT_PROTOTYPES = YES;
				CLANG_WARN_SUSPICIOUS_MOVE = YES;
				CLANG_WARN_UNGUARDED_AVAILABILITY = YES_AGGRESSIVE;
				CLANG_WARN_UNREACHABLE_CODE = YES;
				CLANG_WARN__DUPLICATE_METHOD_MATCH = YES;
				COPY_PHASE_STRIP = NO;
				DEBUG_INFORMATION_FORMAT = dwarf;
				ENABLE_STRICT_OBJC_MSGSEND = YES;
				ENABLE_TESTABILITY = YES;
				GCC_C_LANGUAGE_STANDARD = gnu11;
				GCC_DYNAMIC_NO_PIC = NO;
				GCC_NO_COMMON_BLOCKS = YES;
				GCC_OPTIMIZATION_LEVEL = 0;
				GCC_PREPROCESSOR_DEFINITIONS = (
					"DEBUG=1",
					"$(inherited)",
				);
				GCC_WARN_64_TO_32_BIT_CONVERSION = YES;
				GCC_WARN_ABOUT_RETURN_TYPE = YES_ERROR;
				GCC_WARN_UNDECLARED_SELECTOR = YES;
				GCC_WARN_UNINITIALIZED_AUTOS = YES_AGGRESSIVE;
				GCC_WARN_UNUSED_FUNCTION = YES;
				GCC_WARN_UNUSED_VARIABLE = YES;
				IPHONEOS_DEPLOYMENT_TARGET = 14.4;
				MTL_ENABLE_DEBUG_INFO = INCLUDE_SOURCE;
				MTL_FAST_MATH = YES;
				ONLY_ACTIVE_ARCH = YES;
				SDKROOT = iphoneos;
				SWIFT_ACTIVE_COMPILATION_CONDITIONS = DEBUG;
				SWIFT_OPTIMIZATION_LEVEL = "-Onone";
			};
			name = Debug;
		};
		EDCD54092601191900236C28 /* Release */ = {
			isa = XCBuildConfiguration;
			buildSettings = {
				ALWAYS_SEARCH_USER_PATHS = NO;
				CLANG_ANALYZER_NONNULL = YES;
				CLANG_ANALYZER_NUMBER_OBJECT_CONVERSION = YES_AGGRESSIVE;
				CLANG_CXX_LANGUAGE_STANDARD = "gnu++14";
				CLANG_CXX_LIBRARY = "libc++";
				CLANG_ENABLE_MODULES = YES;
				CLANG_ENABLE_OBJC_ARC = YES;
				CLANG_ENABLE_OBJC_WEAK = YES;
				CLANG_WARN_BLOCK_CAPTURE_AUTORELEASING = YES;
				CLANG_WARN_BOOL_CONVERSION = YES;
				CLANG_WARN_COMMA = YES;
				CLANG_WARN_CONSTANT_CONVERSION = YES;
				CLANG_WARN_DEPRECATED_OBJC_IMPLEMENTATIONS = YES;
				CLANG_WARN_DIRECT_OBJC_ISA_USAGE = YES_ERROR;
				CLANG_WARN_DOCUMENTATION_COMMENTS = YES;
				CLANG_WARN_EMPTY_BODY = YES;
				CLANG_WARN_ENUM_CONVERSION = YES;
				CLANG_WARN_INFINITE_RECURSION = YES;
				CLANG_WARN_INT_CONVERSION = YES;
				CLANG_WARN_NON_LITERAL_NULL_CONVERSION = YES;
				CLANG_WARN_OBJC_IMPLICIT_RETAIN_SELF = YES;
				CLANG_WARN_OBJC_LITERAL_CONVERSION = YES;
				CLANG_WARN_OBJC_ROOT_CLASS = YES_ERROR;
				CLANG_WARN_QUOTED_INCLUDE_IN_FRAMEWORK_HEADER = YES;
				CLANG_WARN_RANGE_LOOP_ANALYSIS = YES;
				CLANG_WARN_STRICT_PROTOTYPES = YES;
				CLANG_WARN_SUSPICIOUS_MOVE = YES;
				CLANG_WARN_UNGUARDED_AVAILABILITY = YES_AGGRESSIVE;
				CLANG_WARN_UNREACHABLE_CODE = YES;
				CLANG_WARN__DUPLICATE_METHOD_MATCH = YES;
				COPY_PHASE_STRIP = NO;
				DEBUG_INFORMATION_FORMAT = "dwarf-with-dsym";
				ENABLE_NS_ASSERTIONS = NO;
				ENABLE_STRICT_OBJC_MSGSEND = YES;
				GCC_C_LANGUAGE_STANDARD = gnu11;
				GCC_NO_COMMON_BLOCKS = YES;
				GCC_WARN_64_TO_32_BIT_CONVERSION = YES;
				GCC_WARN_ABOUT_RETURN_TYPE = YES_ERROR;
				GCC_WARN_UNDECLARED_SELECTOR = YES;
				GCC_WARN_UNINITIALIZED_AUTOS = YES_AGGRESSIVE;
				GCC_WARN_UNUSED_FUNCTION = YES;
				GCC_WARN_UNUSED_VARIABLE = YES;
				IPHONEOS_DEPLOYMENT_TARGET = 14.4;
				MTL_ENABLE_DEBUG_INFO = NO;
				MTL_FAST_MATH = YES;
				SDKROOT = iphoneos;
				SWIFT_COMPILATION_MODE = wholemodule;
				SWIFT_OPTIMIZATION_LEVEL = "-O";
				VALIDATE_PRODUCT = YES;
			};
			name = Release;
		};
		EDCD540B2601191900236C28 /* Debug */ = {
			isa = XCBuildConfiguration;
			buildSettings = {
				ASSETCATALOG_COMPILER_APPICON_NAME = AppIcon;
				ASSETCATALOG_COMPILER_GLOBAL_ACCENT_COLOR_NAME = AccentColor;
				CODE_SIGN_STYLE = Automatic;
				DEVELOPMENT_ASSET_PATHS = "\"TODOListFirstApp/Preview Content\"";
				ENABLE_PREVIEWS = YES;
				INFOPLIST_FILE = TODOListFirstApp/Info.plist;
				IPHONEOS_DEPLOYMENT_TARGET = 14.0;
				LD_RUNPATH_SEARCH_PATHS = (
					"$(inherited)",
					"@executable_path/Frameworks",
				);
				PRODUCT_BUNDLE_IDENTIFIER = Learning.TODOListFirstApp;
				PRODUCT_NAME = "$(TARGET_NAME)";
				SWIFT_VERSION = 5.0;
				TARGETED_DEVICE_FAMILY = "1,2";
			};
			name = Debug;
		};
		EDCD540C2601191900236C28 /* Release */ = {
			isa = XCBuildConfiguration;
			buildSettings = {
				ASSETCATALOG_COMPILER_APPICON_NAME = AppIcon;
				ASSETCATALOG_COMPILER_GLOBAL_ACCENT_COLOR_NAME = AccentColor;
				CODE_SIGN_STYLE = Automatic;
				DEVELOPMENT_ASSET_PATHS = "\"TODOListFirstApp/Preview Content\"";
				ENABLE_PREVIEWS = YES;
				INFOPLIST_FILE = TODOListFirstApp/Info.plist;
				IPHONEOS_DEPLOYMENT_TARGET = 14.0;
				LD_RUNPATH_SEARCH_PATHS = (
					"$(inherited)",
					"@executable_path/Frameworks",
				);
				PRODUCT_BUNDLE_IDENTIFIER = Learning.TODOListFirstApp;
				PRODUCT_NAME = "$(TARGET_NAME)";
				SWIFT_VERSION = 5.0;
				TARGETED_DEVICE_FAMILY = "1,2";
			};
			name = Release;
		};
		EDCD540E2601191900236C28 /* Debug */ = {
			isa = XCBuildConfiguration;
			buildSettings = {
				ALWAYS_EMBED_SWIFT_STANDARD_LIBRARIES = YES;
				BUNDLE_LOADER = "$(TEST_HOST)";
				CODE_SIGN_STYLE = Automatic;
				INFOPLIST_FILE = TODOListFirstAppTests/Info.plist;
				IPHONEOS_DEPLOYMENT_TARGET = 14.0;
				LD_RUNPATH_SEARCH_PATHS = (
					"$(inherited)",
					"@executable_path/Frameworks",
					"@loader_path/Frameworks",
				);
				PRODUCT_BUNDLE_IDENTIFIER = Learning.TODOListFirstAppTests;
				PRODUCT_NAME = "$(TARGET_NAME)";
				SWIFT_VERSION = 5.0;
				TARGETED_DEVICE_FAMILY = "1,2";
				TEST_HOST = "$(BUILT_PRODUCTS_DIR)/TODOListFirstApp.app/TODOListFirstApp";
			};
			name = Debug;
		};
		EDCD540F2601191900236C28 /* Release */ = {
			isa = XCBuildConfiguration;
			buildSettings = {
				ALWAYS_EMBED_SWIFT_STANDARD_LIBRARIES = YES;
				BUNDLE_LOADER = "$(TEST_HOST)";
				CODE_SIGN_STYLE = Automatic;
				INFOPLIST_FILE = TODOListFirstAppTests/Info.plist;
				IPHONEOS_DEPLOYMENT_TARGET = 14.0;
				LD_RUNPATH_SEARCH_PATHS = (
					"$(inherited)",
					"@executable_path/Frameworks",
					"@loader_path/Frameworks",
				);
				PRODUCT_BUNDLE_IDENTIFIER = Learning.TODOListFirstAppTests;
				PRODUCT_NAME = "$(TARGET_NAME)";
				SWIFT_VERSION = 5.0;
				TARGETED_DEVICE_FAMILY = "1,2";
				TEST_HOST = "$(BUILT_PRODUCTS_DIR)/TODOListFirstApp.app/TODOListFirstApp";
			};
			name = Release;
		};
		EDCD54112601191900236C28 /* Debug */ = {
			isa = XCBuildConfiguration;
			buildSettings = {
				ALWAYS_EMBED_SWIFT_STANDARD_LIBRARIES = YES;
				CODE_SIGN_STYLE = Automatic;
				INFOPLIST_FILE = TODOListFirstAppUITests/Info.plist;
				LD_RUNPATH_SEARCH_PATHS = (
					"$(inherited)",
					"@executable_path/Frameworks",
					"@loader_path/Frameworks",
				);
				PRODUCT_BUNDLE_IDENTIFIER = Learning.TODOListFirstAppUITests;
				PRODUCT_NAME = "$(TARGET_NAME)";
				SWIFT_VERSION = 5.0;
				TARGETED_DEVICE_FAMILY = "1,2";
				TEST_TARGET_NAME = TODOListFirstApp;
			};
			name = Debug;
		};
		EDCD54122601191900236C28 /* Release */ = {
			isa = XCBuildConfiguration;
			buildSettings = {
				ALWAYS_EMBED_SWIFT_STANDARD_LIBRARIES = YES;
				CODE_SIGN_STYLE = Automatic;
				INFOPLIST_FILE = TODOListFirstAppUITests/Info.plist;
				LD_RUNPATH_SEARCH_PATHS = (
					"$(inherited)",
					"@executable_path/Frameworks",
					"@loader_path/Frameworks",
				);
				PRODUCT_BUNDLE_IDENTIFIER = Learning.TODOListFirstAppUITests;
				PRODUCT_NAME = "$(TARGET_NAME)";
				SWIFT_VERSION = 5.0;
				TARGETED_DEVICE_FAMILY = "1,2";
				TEST_TARGET_NAME = TODOListFirstApp;
			};
			name = Release;
		};
/* End XCBuildConfiguration section */

/* Begin XCConfigurationList section */
		EDCD53E02601191300236C28 /* Build configuration list for PBXProject "TODOListFirstApp" */ = {
			isa = XCConfigurationList;
			buildConfigurations = (
				EDCD54082601191900236C28 /* Debug */,
				EDCD54092601191900236C28 /* Release */,
			);
			defaultConfigurationIsVisible = 0;
			defaultConfigurationName = Release;
		};
		EDCD540A2601191900236C28 /* Build configuration list for PBXNativeTarget "TODOListFirstApp" */ = {
			isa = XCConfigurationList;
			buildConfigurations = (
				EDCD540B2601191900236C28 /* Debug */,
				EDCD540C2601191900236C28 /* Release */,
			);
			defaultConfigurationIsVisible = 0;
			defaultConfigurationName = Release;
		};
		EDCD540D2601191900236C28 /* Build configuration list for PBXNativeTarget "TODOListFirstAppTests" */ = {
			isa = XCConfigurationList;
			buildConfigurations = (
				EDCD540E2601191900236C28 /* Debug */,
				EDCD540F2601191900236C28 /* Release */,
			);
			defaultConfigurationIsVisible = 0;
			defaultConfigurationName = Release;
		};
		EDCD54102601191900236C28 /* Build configuration list for PBXNativeTarget "TODOListFirstAppUITests" */ = {
			isa = XCConfigurationList;
			buildConfigurations = (
				EDCD54112601191900236C28 /* Debug */,
				EDCD54122601191900236C28 /* Release */,
			);
			defaultConfigurationIsVisible = 0;
			defaultConfigurationName = Release;
		};
/* End XCConfigurationList section */
	};
	rootObject = EDCD53DD2601191300236C28 /* Project object */;
}
