// !$*UTF8*$!
{
	archiveVersion = 1;
	classes = {
	};
	objectVersion = 50;
	objects = {

/* Begin PBXBuildFile section */
		EDD9EF7D2606C772009D5BCB /* TodoListApp.swift in Sources */ = {isa = PBXBuildFile; fileRef = EDD9EF7C2606C772009D5BCB /* TodoListApp.swift */; };
		EDD9EF812606C776009D5BCB /* Assets.xcassets in Resources */ = {isa = PBXBuildFile; fileRef = EDD9EF802606C776009D5BCB /* Assets.xcassets */; };
		EDD9EF842606C776009D5BCB /* Preview Assets.xcassets in Resources */ = {isa = PBXBuildFile; fileRef = EDD9EF832606C776009D5BCB /* Preview Assets.xcassets */; };
		EDD9EF8F2606C776009D5BCB /* TodoListTests.swift in Sources */ = {isa = PBXBuildFile; fileRef = EDD9EF8E2606C776009D5BCB /* TodoListTests.swift */; };
		EDD9EF9A2606C776009D5BCB /* TodoListUITests.swift in Sources */ = {isa = PBXBuildFile; fileRef = EDD9EF992606C776009D5BCB /* TodoListUITests.swift */; };
		EDD9EFB82606CA7A009D5BCB /* TodosListView.swift in Sources */ = {isa = PBXBuildFile; fileRef = EDD9EFB72606CA7A009D5BCB /* TodosListView.swift */; };
		EDD9EFC42606CDF4009D5BCB /* Todo.swift in Sources */ = {isa = PBXBuildFile; fileRef = EDD9EFC32606CDF4009D5BCB /* Todo.swift */; };
		EDF07EB02609EAA3008C7149 /* TodoJsonEncoder.swift in Sources */ = {isa = PBXBuildFile; fileRef = EDF07EAF2609EAA3008C7149 /* TodoJsonEncoder.swift */; };
		EDF07EB52609EABF008C7149 /* TodoJsonDecoder.swift in Sources */ = {isa = PBXBuildFile; fileRef = EDF07EB42609EABF008C7149 /* TodoJsonDecoder.swift */; };
/* End PBXBuildFile section */

/* Begin PBXContainerItemProxy section */
		EDD9EF8B2606C776009D5BCB /* PBXContainerItemProxy */ = {
			isa = PBXContainerItemProxy;
			containerPortal = EDD9EF712606C772009D5BCB /* Project object */;
			proxyType = 1;
			remoteGlobalIDString = EDD9EF782606C772009D5BCB;
			remoteInfo = TodoList;
		};
		EDD9EF962606C776009D5BCB /* PBXContainerItemProxy */ = {
			isa = PBXContainerItemProxy;
			containerPortal = EDD9EF712606C772009D5BCB /* Project object */;
			proxyType = 1;
			remoteGlobalIDString = EDD9EF782606C772009D5BCB;
			remoteInfo = TodoList;
		};
/* End PBXContainerItemProxy section */

/* Begin PBXFileReference section */
		EDD9EF792606C772009D5BCB /* TodoList.app */ = {isa = PBXFileReference; explicitFileType = wrapper.application; includeInIndex = 0; path = TodoList.app; sourceTree = BUILT_PRODUCTS_DIR; };
		EDD9EF7C2606C772009D5BCB /* TodoListApp.swift */ = {isa = PBXFileReference; lastKnownFileType = sourcecode.swift; path = TodoListApp.swift; sourceTree = "<group>"; };
		EDD9EF802606C776009D5BCB /* Assets.xcassets */ = {isa = PBXFileReference; lastKnownFileType = folder.assetcatalog; path = Assets.xcassets; sourceTree = "<group>"; };
		EDD9EF832606C776009D5BCB /* Preview Assets.xcassets */ = {isa = PBXFileReference; lastKnownFileType = folder.assetcatalog; path = "Preview Assets.xcassets"; sourceTree = "<group>"; };
		EDD9EF852606C776009D5BCB /* Info.plist */ = {isa = PBXFileReference; lastKnownFileType = text.plist.xml; path = Info.plist; sourceTree = "<group>"; };
		EDD9EF8A2606C776009D5BCB /* TodoListTests.xctest */ = {isa = PBXFileReference; explicitFileType = wrapper.cfbundle; includeInIndex = 0; path = TodoListTests.xctest; sourceTree = BUILT_PRODUCTS_DIR; };
		EDD9EF8E2606C776009D5BCB /* TodoListTests.swift */ = {isa = PBXFileReference; lastKnownFileType = sourcecode.swift; path = TodoListTests.swift; sourceTree = "<group>"; };
		EDD9EF902606C776009D5BCB /* Info.plist */ = {isa = PBXFileReference; lastKnownFileType = text.plist.xml; path = Info.plist; sourceTree = "<group>"; };
		EDD9EF952606C776009D5BCB /* TodoListUITests.xctest */ = {isa = PBXFileReference; explicitFileType = wrapper.cfbundle; includeInIndex = 0; path = TodoListUITests.xctest; sourceTree = BUILT_PRODUCTS_DIR; };
		EDD9EF992606C776009D5BCB /* TodoListUITests.swift */ = {isa = PBXFileReference; lastKnownFileType = sourcecode.swift; path = TodoListUITests.swift; sourceTree = "<group>"; };
		EDD9EF9B2606C776009D5BCB /* Info.plist */ = {isa = PBXFileReference; lastKnownFileType = text.plist.xml; path = Info.plist; sourceTree = "<group>"; };
		EDD9EFB72606CA7A009D5BCB /* TodosListView.swift */ = {isa = PBXFileReference; lastKnownFileType = sourcecode.swift; path = TodosListView.swift; sourceTree = "<group>"; };
		EDD9EFC32606CDF4009D5BCB /* Todo.swift */ = {isa = PBXFileReference; lastKnownFileType = sourcecode.swift; path = Todo.swift; sourceTree = "<group>"; };
		EDF07EAF2609EAA3008C7149 /* TodoJsonEncoder.swift */ = {isa = PBXFileReference; lastKnownFileType = sourcecode.swift; path = TodoJsonEncoder.swift; sourceTree = "<group>"; };
		EDF07EB42609EABF008C7149 /* TodoJsonDecoder.swift */ = {isa = PBXFileReference; lastKnownFileType = sourcecode.swift; path = TodoJsonDecoder.swift; sourceTree = "<group>"; };
/* End PBXFileReference section */

/* Begin PBXFrameworksBuildPhase section */
		EDD9EF762606C772009D5BCB /* Frameworks */ = {
			isa = PBXFrameworksBuildPhase;
			buildActionMask = 2147483647;
			files = (
			);
			runOnlyForDeploymentPostprocessing = 0;
		};
		EDD9EF872606C776009D5BCB /* Frameworks */ = {
			isa = PBXFrameworksBuildPhase;
			buildActionMask = 2147483647;
			files = (
			);
			runOnlyForDeploymentPostprocessing = 0;
		};
		EDD9EF922606C776009D5BCB /* Frameworks */ = {
			isa = PBXFrameworksBuildPhase;
			buildActionMask = 2147483647;
			files = (
			);
			runOnlyForDeploymentPostprocessing = 0;
		};
/* End PBXFrameworksBuildPhase section */

/* Begin PBXGroup section */
		EDD9EF702606C772009D5BCB = {
			isa = PBXGroup;
			children = (
				EDD9EF7B2606C772009D5BCB /* TodoList */,
				EDD9EF8D2606C776009D5BCB /* TodoListTests */,
				EDD9EF982606C776009D5BCB /* TodoListUITests */,
				EDD9EF7A2606C772009D5BCB /* Products */,
			);
			sourceTree = "<group>";
		};
		EDD9EF7A2606C772009D5BCB /* Products */ = {
			isa = PBXGroup;
			children = (
				EDD9EF792606C772009D5BCB /* TodoList.app */,
				EDD9EF8A2606C776009D5BCB /* TodoListTests.xctest */,
				EDD9EF952606C776009D5BCB /* TodoListUITests.xctest */,
			);
			name = Products;
			sourceTree = "<group>";
		};
		EDD9EF7B2606C772009D5BCB /* TodoList */ = {
			isa = PBXGroup;
			children = (
				EDF07EAE2609E7CD008C7149 /* Persistence */,
				EDD9EFC22606CDDF009D5BCB /* Model */,
				EDD9EFAE2606C9D7009D5BCB /* View */,
				EDD9EF7C2606C772009D5BCB /* TodoListApp.swift */,
				EDD9EF802606C776009D5BCB /* Assets.xcassets */,
				EDD9EF852606C776009D5BCB /* Info.plist */,
				EDD9EF822606C776009D5BCB /* Preview Content */,
			);
			path = TodoList;
			sourceTree = "<group>";
		};
		EDD9EF822606C776009D5BCB /* Preview Content */ = {
			isa = PBXGroup;
			children = (
				EDD9EF832606C776009D5BCB /* Preview Assets.xcassets */,
			);
			path = "Preview Content";
			sourceTree = "<group>";
		};
		EDD9EF8D2606C776009D5BCB /* TodoListTests */ = {
			isa = PBXGroup;
			children = (
				EDD9EF8E2606C776009D5BCB /* TodoListTests.swift */,
				EDD9EF902606C776009D5BCB /* Info.plist */,
			);
			path = TodoListTests;
			sourceTree = "<group>";
		};
		EDD9EF982606C776009D5BCB /* TodoListUITests */ = {
			isa = PBXGroup;
			children = (
				EDD9EF992606C776009D5BCB /* TodoListUITests.swift */,
				EDD9EF9B2606C776009D5BCB /* Info.plist */,
			);
			path = TodoListUITests;
			sourceTree = "<group>";
		};
		EDD9EFAE2606C9D7009D5BCB /* View */ = {
			isa = PBXGroup;
			children = (
				EDD9EFB72606CA7A009D5BCB /* TodosListView.swift */,
			);
			path = View;
			sourceTree = "<group>";
		};
		EDD9EFC22606CDDF009D5BCB /* Model */ = {
			isa = PBXGroup;
			children = (
				EDD9EFC32606CDF4009D5BCB /* Todo.swift */,
			);
			path = Model;
			sourceTree = "<group>";
		};
		EDF07EAE2609E7CD008C7149 /* Persistence */ = {
			isa = PBXGroup;
			children = (
				EDF07EAF2609EAA3008C7149 /* TodoJsonEncoder.swift */,
				EDF07EB42609EABF008C7149 /* TodoJsonDecoder.swift */,
			);
			path = Persistence;
			sourceTree = "<group>";
		};
/* End PBXGroup section */

/* Begin PBXNativeTarget section */
		EDD9EF782606C772009D5BCB /* TodoList */ = {
			isa = PBXNativeTarget;
			buildConfigurationList = EDD9EF9E2606C776009D5BCB /* Build configuration list for PBXNativeTarget "TodoList" */;
			buildPhases = (
				EDD9EF752606C772009D5BCB /* Sources */,
				EDD9EF762606C772009D5BCB /* Frameworks */,
				EDD9EF772606C772009D5BCB /* Resources */,
			);
			buildRules = (
			);
			dependencies = (
			);
			name = TodoList;
			productName = TodoList;
			productReference = EDD9EF792606C772009D5BCB /* TodoList.app */;
			productType = "com.apple.product-type.application";
		};
		EDD9EF892606C776009D5BCB /* TodoListTests */ = {
			isa = PBXNativeTarget;
			buildConfigurationList = EDD9EFA12606C776009D5BCB /* Build configuration list for PBXNativeTarget "TodoListTests" */;
			buildPhases = (
				EDD9EF862606C776009D5BCB /* Sources */,
				EDD9EF872606C776009D5BCB /* Frameworks */,
				EDD9EF882606C776009D5BCB /* Resources */,
			);
			buildRules = (
			);
			dependencies = (
				EDD9EF8C2606C776009D5BCB /* PBXTargetDependency */,
			);
			name = TodoListTests;
			productName = TodoListTests;
			productReference = EDD9EF8A2606C776009D5BCB /* TodoListTests.xctest */;
			productType = "com.apple.product-type.bundle.unit-test";
		};
		EDD9EF942606C776009D5BCB /* TodoListUITests */ = {
			isa = PBXNativeTarget;
			buildConfigurationList = EDD9EFA42606C776009D5BCB /* Build configuration list for PBXNativeTarget "TodoListUITests" */;
			buildPhases = (
				EDD9EF912606C776009D5BCB /* Sources */,
				EDD9EF922606C776009D5BCB /* Frameworks */,
				EDD9EF932606C776009D5BCB /* Resources */,
			);
			buildRules = (
			);
			dependencies = (
				EDD9EF972606C776009D5BCB /* PBXTargetDependency */,
			);
			name = TodoListUITests;
			productName = TodoListUITests;
			productReference = EDD9EF952606C776009D5BCB /* TodoListUITests.xctest */;
			productType = "com.apple.product-type.bundle.ui-testing";
		};
/* End PBXNativeTarget section */

/* Begin PBXProject section */
		EDD9EF712606C772009D5BCB /* Project object */ = {
			isa = PBXProject;
			attributes = {
				LastSwiftUpdateCheck = 1240;
				LastUpgradeCheck = 1240;
				TargetAttributes = {
					EDD9EF782606C772009D5BCB = {
						CreatedOnToolsVersion = 12.4;
					};
					EDD9EF892606C776009D5BCB = {
						CreatedOnToolsVersion = 12.4;
						TestTargetID = EDD9EF782606C772009D5BCB;
					};
					EDD9EF942606C776009D5BCB = {
						CreatedOnToolsVersion = 12.4;
						TestTargetID = EDD9EF782606C772009D5BCB;
					};
				};
			};
			buildConfigurationList = EDD9EF742606C772009D5BCB /* Build configuration list for PBXProject "TodoList" */;
			compatibilityVersion = "Xcode 9.3";
			developmentRegion = en;
			hasScannedForEncodings = 0;
			knownRegions = (
				en,
				Base,
			);
			mainGroup = EDD9EF702606C772009D5BCB;
			productRefGroup = EDD9EF7A2606C772009D5BCB /* Products */;
			projectDirPath = "";
			projectRoot = "";
			targets = (
				EDD9EF782606C772009D5BCB /* TodoList */,
				EDD9EF892606C776009D5BCB /* TodoListTests */,
				EDD9EF942606C776009D5BCB /* TodoListUITests */,
			);
		};
/* End PBXProject section */

/* Begin PBXResourcesBuildPhase section */
		EDD9EF772606C772009D5BCB /* Resources */ = {
			isa = PBXResourcesBuildPhase;
			buildActionMask = 2147483647;
			files = (
				EDD9EF842606C776009D5BCB /* Preview Assets.xcassets in Resources */,
				EDD9EF812606C776009D5BCB /* Assets.xcassets in Resources */,
			);
			runOnlyForDeploymentPostprocessing = 0;
		};
		EDD9EF882606C776009D5BCB /* Resources */ = {
			isa = PBXResourcesBuildPhase;
			buildActionMask = 2147483647;
			files = (
			);
			runOnlyForDeploymentPostprocessing = 0;
		};
		EDD9EF932606C776009D5BCB /* Resources */ = {
			isa = PBXResourcesBuildPhase;
			buildActionMask = 2147483647;
			files = (
			);
			runOnlyForDeploymentPostprocessing = 0;
		};
/* End PBXResourcesBuildPhase section */

/* Begin PBXSourcesBuildPhase section */
		EDD9EF752606C772009D5BCB /* Sources */ = {
			isa = PBXSourcesBuildPhase;
			buildActionMask = 2147483647;
			files = (
				EDF07EB52609EABF008C7149 /* TodoJsonDecoder.swift in Sources */,
				EDF07EB02609EAA3008C7149 /* TodoJsonEncoder.swift in Sources */,
				EDD9EFB82606CA7A009D5BCB /* TodosListView.swift in Sources */,
				EDD9EFC42606CDF4009D5BCB /* Todo.swift in Sources */,
				EDD9EF7D2606C772009D5BCB /* TodoListApp.swift in Sources */,
			);
			runOnlyForDeploymentPostprocessing = 0;
		};
		EDD9EF862606C776009D5BCB /* Sources */ = {
			isa = PBXSourcesBuildPhase;
			buildActionMask = 2147483647;
			files = (
				EDD9EF8F2606C776009D5BCB /* TodoListTests.swift in Sources */,
			);
			runOnlyForDeploymentPostprocessing = 0;
		};
		EDD9EF912606C776009D5BCB /* Sources */ = {
			isa = PBXSourcesBuildPhase;
			buildActionMask = 2147483647;
			files = (
				EDD9EF9A2606C776009D5BCB /* TodoListUITests.swift in Sources */,
			);
			runOnlyForDeploymentPostprocessing = 0;
		};
/* End PBXSourcesBuildPhase section */

/* Begin PBXTargetDependency section */
		EDD9EF8C2606C776009D5BCB /* PBXTargetDependency */ = {
			isa = PBXTargetDependency;
			target = EDD9EF782606C772009D5BCB /* TodoList */;
			targetProxy = EDD9EF8B2606C776009D5BCB /* PBXContainerItemProxy */;
		};
		EDD9EF972606C776009D5BCB /* PBXTargetDependency */ = {
			isa = PBXTargetDependency;
			target = EDD9EF782606C772009D5BCB /* TodoList */;
			targetProxy = EDD9EF962606C776009D5BCB /* PBXContainerItemProxy */;
		};
/* End PBXTargetDependency section */

/* Begin XCBuildConfiguration section */
		EDD9EF9C2606C776009D5BCB /* Debug */ = {
			isa = XCBuildConfiguration;
			buildSettings = {
				ALWAYS_SEARCH_USER_PATHS = NO;
				CLANG_ANALYZER_NONNULL = YES;
				CLANG_ANALYZER_NUMBER_OBJECT_CONVERSION = YES_AGGRESSIVE;
				CLANG_CXX_LANGUAGE_STANDARD = "gnu++14";
				CLANG_CXX_LIBRARY = "libc++";
				CLANG_ENABLE_MODULES = YES;
				CLANG_ENABLE_OBJC_ARC = YES;
				CLANG_ENABLE_OBJC_WEAK = YES;
				CLANG_WARN_BLOCK_CAPTURE_AUTORELEASING = YES;
				CLANG_WARN_BOOL_CONVERSION = YES;
				CLANG_WARN_COMMA = YES;
				CLANG_WARN_CONSTANT_CONVERSION = YES;
				CLANG_WARN_DEPRECATED_OBJC_IMPLEMENTATIONS = YES;
				CLANG_WARN_DIRECT_OBJC_ISA_USAGE = YES_ERROR;
				CLANG_WARN_DOCUMENTATION_COMMENTS = YES;
				CLANG_WARN_EMPTY_BODY = YES;
				CLANG_WARN_ENUM_CONVERSION = YES;
				CLANG_WARN_INFINITE_RECURSION = YES;
				CLANG_WARN_INT_CONVERSION = YES;
				CLANG_WARN_NON_LITERAL_NULL_CONVERSION = YES;
				CLANG_WARN_OBJC_IMPLICIT_RETAIN_SELF = YES;
				CLANG_WARN_OBJC_LITERAL_CONVERSION = YES;
				CLANG_WARN_OBJC_ROOT_CLASS = YES_ERROR;
				CLANG_WARN_QUOTED_INCLUDE_IN_FRAMEWORK_HEADER = YES;
				CLANG_WARN_RANGE_LOOP_ANALYSIS = YES;
				CLANG_WARN_STRICT_PROTOTYPES = YES;
				CLANG_WARN_SUSPICIOUS_MOVE = YES;
				CLANG_WARN_UNGUARDED_AVAILABILITY = YES_AGGRESSIVE;
				CLANG_WARN_UNREACHABLE_CODE = YES;
				CLANG_WARN__DUPLICATE_METHOD_MATCH = YES;
				COPY_PHASE_STRIP = NO;
				DEBUG_INFORMATION_FORMAT = dwarf;
				ENABLE_STRICT_OBJC_MSGSEND = YES;
				ENABLE_TESTABILITY = YES;
				GCC_C_LANGUAGE_STANDARD = gnu11;
				GCC_DYNAMIC_NO_PIC = NO;
				GCC_NO_COMMON_BLOCKS = YES;
				GCC_OPTIMIZATION_LEVEL = 0;
				GCC_PREPROCESSOR_DEFINITIONS = (
					"DEBUG=1",
					"$(inherited)",
				);
				GCC_WARN_64_TO_32_BIT_CONVERSION = YES;
				GCC_WARN_ABOUT_RETURN_TYPE = YES_ERROR;
				GCC_WARN_UNDECLARED_SELECTOR = YES;
				GCC_WARN_UNINITIALIZED_AUTOS = YES_AGGRESSIVE;
				GCC_WARN_UNUSED_FUNCTION = YES;
				GCC_WARN_UNUSED_VARIABLE = YES;
				IPHONEOS_DEPLOYMENT_TARGET = 14.4;
				MTL_ENABLE_DEBUG_INFO = INCLUDE_SOURCE;
				MTL_FAST_MATH = YES;
				ONLY_ACTIVE_ARCH = YES;
				SDKROOT = iphoneos;
				SWIFT_ACTIVE_COMPILATION_CONDITIONS = DEBUG;
				SWIFT_OPTIMIZATION_LEVEL = "-Onone";
			};
			name = Debug;
		};
		EDD9EF9D2606C776009D5BCB /* Release */ = {
			isa = XCBuildConfiguration;
			buildSettings = {
				ALWAYS_SEARCH_USER_PATHS = NO;
				CLANG_ANALYZER_NONNULL = YES;
				CLANG_ANALYZER_NUMBER_OBJECT_CONVERSION = YES_AGGRESSIVE;
				CLANG_CXX_LANGUAGE_STANDARD = "gnu++14";
				CLANG_CXX_LIBRARY = "libc++";
				CLANG_ENABLE_MODULES = YES;
				CLANG_ENABLE_OBJC_ARC = YES;
				CLANG_ENABLE_OBJC_WEAK = YES;
				CLANG_WARN_BLOCK_CAPTURE_AUTORELEASING = YES;
				CLANG_WARN_BOOL_CONVERSION = YES;
				CLANG_WARN_COMMA = YES;
				CLANG_WARN_CONSTANT_CONVERSION = YES;
				CLANG_WARN_DEPRECATED_OBJC_IMPLEMENTATIONS = YES;
				CLANG_WARN_DIRECT_OBJC_ISA_USAGE = YES_ERROR;
				CLANG_WARN_DOCUMENTATION_COMMENTS = YES;
				CLANG_WARN_EMPTY_BODY = YES;
				CLANG_WARN_ENUM_CONVERSION = YES;
				CLANG_WARN_INFINITE_RECURSION = YES;
				CLANG_WARN_INT_CONVERSION = YES;
				CLANG_WARN_NON_LITERAL_NULL_CONVERSION = YES;
				CLANG_WARN_OBJC_IMPLICIT_RETAIN_SELF = YES;
				CLANG_WARN_OBJC_LITERAL_CONVERSION = YES;
				CLANG_WARN_OBJC_ROOT_CLASS = YES_ERROR;
				CLANG_WARN_QUOTED_INCLUDE_IN_FRAMEWORK_HEADER = YES;
				CLANG_WARN_RANGE_LOOP_ANALYSIS = YES;
				CLANG_WARN_STRICT_PROTOTYPES = YES;
				CLANG_WARN_SUSPICIOUS_MOVE = YES;
				CLANG_WARN_UNGUARDED_AVAILABILITY = YES_AGGRESSIVE;
				CLANG_WARN_UNREACHABLE_CODE = YES;
				CLANG_WARN__DUPLICATE_METHOD_MATCH = YES;
				COPY_PHASE_STRIP = NO;
				DEBUG_INFORMATION_FORMAT = "dwarf-with-dsym";
				ENABLE_NS_ASSERTIONS = NO;
				ENABLE_STRICT_OBJC_MSGSEND = YES;
				GCC_C_LANGUAGE_STANDARD = gnu11;
				GCC_NO_COMMON_BLOCKS = YES;
				GCC_WARN_64_TO_32_BIT_CONVERSION = YES;
				GCC_WARN_ABOUT_RETURN_TYPE = YES_ERROR;
				GCC_WARN_UNDECLARED_SELECTOR = YES;
				GCC_WARN_UNINITIALIZED_AUTOS = YES_AGGRESSIVE;
				GCC_WARN_UNUSED_FUNCTION = YES;
				GCC_WARN_UNUSED_VARIABLE = YES;
				IPHONEOS_DEPLOYMENT_TARGET = 14.4;
				MTL_ENABLE_DEBUG_INFO = NO;
				MTL_FAST_MATH = YES;
				SDKROOT = iphoneos;
				SWIFT_COMPILATION_MODE = wholemodule;
				SWIFT_OPTIMIZATION_LEVEL = "-O";
				VALIDATE_PRODUCT = YES;
			};
			name = Release;
		};
		EDD9EF9F2606C776009D5BCB /* Debug */ = {
			isa = XCBuildConfiguration;
			buildSettings = {
				ASSETCATALOG_COMPILER_APPICON_NAME = AppIcon;
				ASSETCATALOG_COMPILER_GLOBAL_ACCENT_COLOR_NAME = AccentColor;
				CODE_SIGN_STYLE = Automatic;
				DEVELOPMENT_ASSET_PATHS = "\"TodoList/Preview Content\"";
				DEVELOPMENT_TEAM = "";
				ENABLE_PREVIEWS = YES;
				INFOPLIST_FILE = TodoList/Info.plist;
				IPHONEOS_DEPLOYMENT_TARGET = 14.0;
				LD_RUNPATH_SEARCH_PATHS = (
					"$(inherited)",
					"@executable_path/Frameworks",
				);
				PRODUCT_BUNDLE_IDENTIFIER = Learning.TodoList;
				PRODUCT_NAME = "$(TARGET_NAME)";
				SWIFT_VERSION = 5.0;
				TARGETED_DEVICE_FAMILY = "1,2";
			};
			name = Debug;
		};
		EDD9EFA02606C776009D5BCB /* Release */ = {
			isa = XCBuildConfiguration;
			buildSettings = {
				ASSETCATALOG_COMPILER_APPICON_NAME = AppIcon;
				ASSETCATALOG_COMPILER_GLOBAL_ACCENT_COLOR_NAME = AccentColor;
				CODE_SIGN_STYLE = Automatic;
				DEVELOPMENT_ASSET_PATHS = "\"TodoList/Preview Content\"";
				DEVELOPMENT_TEAM = "";
				ENABLE_PREVIEWS = YES;
				INFOPLIST_FILE = TodoList/Info.plist;
				IPHONEOS_DEPLOYMENT_TARGET = 14.0;
				LD_RUNPATH_SEARCH_PATHS = (
					"$(inherited)",
					"@executable_path/Frameworks",
				);
				PRODUCT_BUNDLE_IDENTIFIER = Learning.TodoList;
				PRODUCT_NAME = "$(TARGET_NAME)";
				SWIFT_VERSION = 5.0;
				TARGETED_DEVICE_FAMILY = "1,2";
			};
			name = Release;
		};
		EDD9EFA22606C776009D5BCB /* Debug */ = {
			isa = XCBuildConfiguration;
			buildSettings = {
				ALWAYS_EMBED_SWIFT_STANDARD_LIBRARIES = YES;
				BUNDLE_LOADER = "$(TEST_HOST)";
				CODE_SIGN_STYLE = Automatic;
				INFOPLIST_FILE = TodoListTests/Info.plist;
				IPHONEOS_DEPLOYMENT_TARGET = 14.0;
				LD_RUNPATH_SEARCH_PATHS = (
					"$(inherited)",
					"@executable_path/Frameworks",
					"@loader_path/Frameworks",
				);
				PRODUCT_BUNDLE_IDENTIFIER = Learning.TodoListTests;
				PRODUCT_NAME = "$(TARGET_NAME)";
				SWIFT_VERSION = 5.0;
				TARGETED_DEVICE_FAMILY = "1,2";
				TEST_HOST = "$(BUILT_PRODUCTS_DIR)/TodoList.app/TodoList";
			};
			name = Debug;
		};
		EDD9EFA32606C776009D5BCB /* Release */ = {
			isa = XCBuildConfiguration;
			buildSettings = {
				ALWAYS_EMBED_SWIFT_STANDARD_LIBRARIES = YES;
				BUNDLE_LOADER = "$(TEST_HOST)";
				CODE_SIGN_STYLE = Automatic;
				INFOPLIST_FILE = TodoListTests/Info.plist;
				IPHONEOS_DEPLOYMENT_TARGET = 14.0;
				LD_RUNPATH_SEARCH_PATHS = (
					"$(inherited)",
					"@executable_path/Frameworks",
					"@loader_path/Frameworks",
				);
				PRODUCT_BUNDLE_IDENTIFIER = Learning.TodoListTests;
				PRODUCT_NAME = "$(TARGET_NAME)";
				SWIFT_VERSION = 5.0;
				TARGETED_DEVICE_FAMILY = "1,2";
				TEST_HOST = "$(BUILT_PRODUCTS_DIR)/TodoList.app/TodoList";
			};
			name = Release;
		};
		EDD9EFA52606C776009D5BCB /* Debug */ = {
			isa = XCBuildConfiguration;
			buildSettings = {
				ALWAYS_EMBED_SWIFT_STANDARD_LIBRARIES = YES;
				CODE_SIGN_STYLE = Automatic;
				INFOPLIST_FILE = TodoListUITests/Info.plist;
				LD_RUNPATH_SEARCH_PATHS = (
					"$(inherited)",
					"@executable_path/Frameworks",
					"@loader_path/Frameworks",
				);
				PRODUCT_BUNDLE_IDENTIFIER = Learning.TodoListUITests;
				PRODUCT_NAME = "$(TARGET_NAME)";
				SWIFT_VERSION = 5.0;
				TARGETED_DEVICE_FAMILY = "1,2";
				TEST_TARGET_NAME = TodoList;
			};
			name = Debug;
		};
		EDD9EFA62606C776009D5BCB /* Release */ = {
			isa = XCBuildConfiguration;
			buildSettings = {
				ALWAYS_EMBED_SWIFT_STANDARD_LIBRARIES = YES;
				CODE_SIGN_STYLE = Automatic;
				INFOPLIST_FILE = TodoListUITests/Info.plist;
				LD_RUNPATH_SEARCH_PATHS = (
					"$(inherited)",
					"@executable_path/Frameworks",
					"@loader_path/Frameworks",
				);
				PRODUCT_BUNDLE_IDENTIFIER = Learning.TodoListUITests;
				PRODUCT_NAME = "$(TARGET_NAME)";
				SWIFT_VERSION = 5.0;
				TARGETED_DEVICE_FAMILY = "1,2";
				TEST_TARGET_NAME = TodoList;
			};
			name = Release;
		};
/* End XCBuildConfiguration section */

/* Begin XCConfigurationList section */
		EDD9EF742606C772009D5BCB /* Build configuration list for PBXProject "TodoList" */ = {
			isa = XCConfigurationList;
			buildConfigurations = (
				EDD9EF9C2606C776009D5BCB /* Debug */,
				EDD9EF9D2606C776009D5BCB /* Release */,
			);
			defaultConfigurationIsVisible = 0;
			defaultConfigurationName = Release;
		};
		EDD9EF9E2606C776009D5BCB /* Build configuration list for PBXNativeTarget "TodoList" */ = {
			isa = XCConfigurationList;
			buildConfigurations = (
				EDD9EF9F2606C776009D5BCB /* Debug */,
				EDD9EFA02606C776009D5BCB /* Release */,
			);
			defaultConfigurationIsVisible = 0;
			defaultConfigurationName = Release;
		};
		EDD9EFA12606C776009D5BCB /* Build configuration list for PBXNativeTarget "TodoListTests" */ = {
			isa = XCConfigurationList;
			buildConfigurations = (
				EDD9EFA22606C776009D5BCB /* Debug */,
				EDD9EFA32606C776009D5BCB /* Release */,
			);
			defaultConfigurationIsVisible = 0;
			defaultConfigurationName = Release;
		};
		EDD9EFA42606C776009D5BCB /* Build configuration list for PBXNativeTarget "TodoListUITests" */ = {
			isa = XCConfigurationList;
			buildConfigurations = (
				EDD9EFA52606C776009D5BCB /* Debug */,
				EDD9EFA62606C776009D5BCB /* Release */,
			);
			defaultConfigurationIsVisible = 0;
			defaultConfigurationName = Release;
		};
/* End XCConfigurationList section */
	};
	rootObject = EDD9EF712606C772009D5BCB /* Project object */;
}
